
Microsoft Visual Studio Solution File, Format Version 12.00
# Visual Studio Version 17
VisualStudioVersion = 17.7.34031.279
MinimumVisualStudioVersion = 10.0.40219.1
Project("{9A19103F-16F7-4668-BE54-9A1E7A4F7556}") = "GeneralApi", "GeneralApi\GeneralApi.csproj", "{95C28FB1-860F-43E1-A078-135BEF5F7A1B}"
EndProject
Project("{2150E333-8FDC-42A3-9474-1A3956D46DE8}") = "Solution Items", "Solution Items", "{B6641731-28BA-40B2-8D2D-3FCFF12559B6}"
	ProjectSection(SolutionItems) = preProject
		.editorconfig = .editorconfig
		global.json = global.json
	EndProjectSection
EndProject
Project("{FAE04EC0-301F-11D3-BF4B-00C04F79EFBC}") = "ApiSourceGenerator", "ApiSourceGenerator\ApiSourceGenerator.csproj", "{7F86F61F-700A-4157-8DB4-1A456D3FB3CD}"
EndProject
Global
	GlobalSection(SolutionConfigurationPlatforms) = preSolution
		Debug|Any CPU = Debug|Any CPU
		Release|Any CPU = Release|Any CPU
	EndGlobalSection
	GlobalSection(ProjectConfigurationPlatforms) = postSolution
		{95C28FB1-860F-43E1-A078-135BEF5F7A1B}.Debug|Any CPU.ActiveCfg = Debug|Any CPU
		{95C28FB1-860F-43E1-A078-135BEF5F7A1B}.Debug|Any CPU.Build.0 = Debug|Any CPU
		{95C28FB1-860F-43E1-A078-135BEF5F7A1B}.Release|Any CPU.ActiveCfg = Release|Any CPU
		{95C28FB1-860F-43E1-A078-135BEF5F7A1B}.Release|Any CPU.Build.0 = Release|Any CPU
		{7F86F61F-700A-4157-8DB4-1A456D3FB3CD}.Debug|Any CPU.ActiveCfg = Debug|Any CPU
		{7F86F61F-700A-4157-8DB4-1A456D3FB3CD}.Debug|Any CPU.Build.0 = Debug|Any CPU
		{7F86F61F-700A-4157-8DB4-1A456D3FB3CD}.Release|Any CPU.ActiveCfg = Release|Any CPU
		{7F86F61F-700A-4157-8DB4-1A456D3FB3CD}.Release|Any CPU.Build.0 = Release|Any CPU
	EndGlobalSection
	GlobalSection(SolutionProperties) = preSolution
		HideSolutionNode = FALSE
	EndGlobalSection
	GlobalSection(ExtensibilityGlobals) = postSolution
		SolutionGuid = {B60D084A-BB66-432F-BE6D-0291591119DF}
	EndGlobalSection
EndGlobal
